
Microsoft Visual Studio Solution File, Format Version 12.00
# Visual Studio 2017
Project("{FAE04EC0-301F-11D3-BF4B-00C04F79EFBC}") = "IGGIGameDevProject2017.Plugins", "IGGIGameDevProject2017.Plugins.csproj", "{3E1BC34F-F0F3-333A-A4E8-A6EBD7ECEFF2}"
EndProject
Project("{FAE04EC0-301F-11D3-BF4B-00C04F79EFBC}") = "IGGIGameDevProject2017.Editor.Plugins", "IGGIGameDevProject2017.Editor.Plugins.csproj", "{85EB6CB2-9AEB-4EEB-FC09-A41FC237BCDE}"
EndProject
Global
	GlobalSection(SolutionConfigurationPlatforms) = preSolution
		Debug|Any CPU = Debug|Any CPU
		Release|Any CPU = Release|Any CPU
	EndGlobalSection
	GlobalSection(ProjectConfigurationPlatforms) = postSolution
		{3E1BC34F-F0F3-333A-A4E8-A6EBD7ECEFF2}.Debug|Any CPU.ActiveCfg = Debug|Any CPU
		{3E1BC34F-F0F3-333A-A4E8-A6EBD7ECEFF2}.Debug|Any CPU.Build.0 = Debug|Any CPU
		{3E1BC34F-F0F3-333A-A4E8-A6EBD7ECEFF2}.Release|Any CPU.ActiveCfg = Release|Any CPU
		{3E1BC34F-F0F3-333A-A4E8-A6EBD7ECEFF2}.Release|Any CPU.Build.0 = Release|Any CPU
		{85EB6CB2-9AEB-4EEB-FC09-A41FC237BCDE}.Debug|Any CPU.ActiveCfg = Debug|Any CPU
		{85EB6CB2-9AEB-4EEB-FC09-A41FC237BCDE}.Debug|Any CPU.Build.0 = Debug|Any CPU
		{85EB6CB2-9AEB-4EEB-FC09-A41FC237BCDE}.Release|Any CPU.ActiveCfg = Release|Any CPU
		{85EB6CB2-9AEB-4EEB-FC09-A41FC237BCDE}.Release|Any CPU.Build.0 = Release|Any CPU
	EndGlobalSection
	GlobalSection(SolutionProperties) = preSolution
		HideSolutionNode = FALSE
	EndGlobalSection
EndGlobal
